{
  "name": "rnclean",
  "version": "1.0.0",
  "lockfileVersion": 3,
  "requires": true,
  "packages": {
    "": {
      "name": "rnclean",
      "version": "1.0.0",
      "license": "ISC",
      "dependencies": {
        "@shivkumarojha/clean": "^1.0.0",
        "rnclean": "^1.0.0"
      },
      "bin": {
        "nclean": "dist/commands/nclean.js",
        "rclean": "dist/commands/rclean.js"
      }
    },
    "node_modules/@shivkumarojha/clean": {
      "version": "1.0.0",
      "resolved": "https://registry.npmjs.org/@shivkumarojha/clean/-/clean-1.0.0.tgz",
      "integrity": "sha512-skHXpdyufgmQDlaRoXnIck9j8crEEACYVLVjPudvmNpHClYIZa9zqtP2pSZsJWo4EsfjhnZgcOkVPZsnNxeooQ==",
      "bin": {
        "nclean": "dist/commands/nclean.js",
        "rclean": "dist/commands/rclean.js"
      }
    },
    "node_modules/rnclean": {
      "version": "1.0.0",
      "resolved": "https://registry.npmjs.org/rnclean/-/rnclean-1.0.0.tgz",
      "integrity": "sha512-yGcLuQKhSRNZ4o8zbF9E0iY5zeh9CNAoy2aW1s46UJsmU9NICBxOfgM5wOTJLyTkduG1gBn8IH91uElL+DO3Ew==",
      "dependencies": {
        "@shivkumarojha/clean": "^1.0.0"
      },
      "bin": {
        "nclean": "dist/commands/nclean.js",
        "rclean": "dist/commands/rclean.js"
      }
    }
  }
}
